
Microsoft Visual Studio Solution File, Format Version 11.00
# Visual Studio 2010
Project("{FAE04EC0-301F-11D3-BF4B-00C04F79EFBC}") = "Unity.Timeline", "Unity.Timeline.csproj", "{3f003c23-c84f-8818-b033-4952b3a04d2b}"
EndProject
Project("{FAE04EC0-301F-11D3-BF4B-00C04F79EFBC}") = "Unity.RenderPipelines.GPUDriven.Runtime", "Unity.RenderPipelines.GPUDriven.Runtime.csproj", "{1a65cc50-7ec8-5a79-3423-bd6cba7aae6a}"
EndProject
Project("{FAE04EC0-301F-11D3-BF4B-00C04F79EFBC}") = "Unity.PlasticSCM.Editor", "Unity.PlasticSCM.Editor.csproj", "{cb98f125-81d9-d5e5-4074-6365cde645c6}"
EndProject
Project("{FAE04EC0-301F-11D3-BF4B-00C04F79EFBC}") = "Unity.ShaderGraph.Editor", "Unity.ShaderGraph.Editor.csproj", "{814ebf66-3be0-fa4d-bcee-3c218062edad}"
EndProject
Project("{FAE04EC0-301F-11D3-BF4B-00C04F79EFBC}") = "Unity.RenderPipelines.Core.Runtime", "Unity.RenderPipelines.Core.Runtime.csproj", "{612b5d22-b565-64d9-7257-e762aa4351c9}"
EndProject
Project("{FAE04EC0-301F-11D3-BF4B-00C04F79EFBC}") = "Unity.Mathematics", "Unity.Mathematics.csproj", "{eea84742-dd98-4a28-d4fa-07aaccfee556}"
EndProject
Project("{FAE04EC0-301F-11D3-BF4B-00C04F79EFBC}") = "Unity.Timeline.Editor", "Unity.Timeline.Editor.csproj", "{71d9065b-f384-f273-dd7c-b3ba542fa7db}"
EndProject
Project("{FAE04EC0-301F-11D3-BF4B-00C04F79EFBC}") = "Unity.Multiplayer.Center.Editor", "Unity.Multiplayer.Center.Editor.csproj", "{281067e9-e457-67e1-8539-a0a28879f110}"
EndProject
Project("{FAE04EC0-301F-11D3-BF4B-00C04F79EFBC}") = "Unity.RenderPipelines.Core.Editor", "Unity.RenderPipelines.Core.Editor.csproj", "{3ac6b957-3a01-a264-15d2-8cc3f9d76c07}"
EndProject
Project("{FAE04EC0-301F-11D3-BF4B-00C04F79EFBC}") = "Unity.Collections", "Unity.Collections.csproj", "{919317b0-56ce-1237-08a0-92c62d30ec54}"
EndProject
Project("{FAE04EC0-301F-11D3-BF4B-00C04F79EFBC}") = "UnityEngine.UI", "UnityEngine.UI.csproj", "{67440fe2-0883-cb41-bf4a-960aa604c8b2}"
EndProject
Project("{FAE04EC0-301F-11D3-BF4B-00C04F79EFBC}") = "Unity.RenderPipelines.Universal.2D.Runtime", "Unity.RenderPipelines.Universal.2D.Runtime.csproj", "{621043c8-aef7-841d-9e52-cc600aee542b}"
EndProject
Project("{FAE04EC0-301F-11D3-BF4B-00C04F79EFBC}") = "Unity.VisualScripting.Core.Editor", "Unity.VisualScripting.Core.Editor.csproj", "{0a5b1d17-59c3-fa11-b362-4e42e0629eb9}"
EndProject
Project("{FAE04EC0-301F-11D3-BF4B-00C04F79EFBC}") = "Unity.RenderPipelines.Universal.Editor", "Unity.RenderPipelines.Universal.Editor.csproj", "{fcc6fe84-8f2e-6e8a-7e29-02d13e63aace}"
EndProject
Project("{FAE04EC0-301F-11D3-BF4B-00C04F79EFBC}") = "Unity.PerformanceTesting.Editor", "Unity.PerformanceTesting.Editor.csproj", "{16c68749-2633-ee83-bddc-e720ea6ca83a}"
EndProject
Project("{FAE04EC0-301F-11D3-BF4B-00C04F79EFBC}") = "UnityEngine.TestRunner", "UnityEngine.TestRunner.csproj", "{f50524a8-48de-a24d-1db1-e6462bd9ca0c}"
EndProject
Project("{FAE04EC0-301F-11D3-BF4B-00C04F79EFBC}") = "Unity.Burst", "Unity.Burst.csproj", "{6de5fbba-c881-905b-7a68-361ec1896c91}"
EndProject
Project("{FAE04EC0-301F-11D3-BF4B-00C04F79EFBC}") = "Unity.VisualScripting.Flow.Editor", "Unity.VisualScripting.Flow.Editor.csproj", "{ad9c15e3-6683-cd34-3403-4ba77295bdf2}"
EndProject
Project("{FAE04EC0-301F-11D3-BF4B-00C04F79EFBC}") = "Unity.VisualStudio.Editor", "Unity.VisualStudio.Editor.csproj", "{06b24d67-ed5a-8440-70ea-5e6a36a56263}"
EndProject
Project("{FAE04EC0-301F-11D3-BF4B-00C04F79EFBC}") = "Unity.InputSystem", "Unity.InputSystem.csproj", "{d8fc66e0-7dc3-2f95-f5b8-54c8ffcfd861}"
EndProject
Project("{FAE04EC0-301F-11D3-BF4B-00C04F79EFBC}") = "PPv2URPConverters", "PPv2URPConverters.csproj", "{fa0ef1e9-5f5c-3c9e-7912-68ef173f5485}"
EndProject
Project("{FAE04EC0-301F-11D3-BF4B-00C04F79EFBC}") = "Unity.Searcher.Editor", "Unity.Searcher.Editor.csproj", "{3e5556b6-3e4a-e8d0-4d8d-694218abd6f5}"
EndProject
Project("{FAE04EC0-301F-11D3-BF4B-00C04F79EFBC}") = "UnityEditor.TestRunner", "UnityEditor.TestRunner.csproj", "{09f46681-27cc-a3b4-d329-8bb94d31071c}"
EndProject
Project("{FAE04EC0-301F-11D3-BF4B-00C04F79EFBC}") = "Unity.VisualScripting.Core", "Unity.VisualScripting.Core.csproj", "{7457887f-3590-e0c9-e813-6592c57654b6}"
EndProject
Project("{FAE04EC0-301F-11D3-BF4B-00C04F79EFBC}") = "Unity.RenderPipelines.Universal.Runtime", "Unity.RenderPipelines.Universal.Runtime.csproj", "{4b7faee4-d77b-1c2f-749d-6384e0e09d52}"
EndProject
Project("{FAE04EC0-301F-11D3-BF4B-00C04F79EFBC}") = "Unity.CollabProxy.Editor", "Unity.CollabProxy.Editor.csproj", "{0e86c31a-5921-f6d8-1277-8f76d4e0089e}"
EndProject
Project("{FAE04EC0-301F-11D3-BF4B-00C04F79EFBC}") = "Unity.AI.Navigation.Editor.ConversionSystem", "Unity.AI.Navigation.Editor.ConversionSystem.csproj", "{e198f6f8-7145-06a4-b159-147d7cea54bb}"
EndProject
Project("{FAE04EC0-301F-11D3-BF4B-00C04F79EFBC}") = "Unity.VisualScripting.State.Editor", "Unity.VisualScripting.State.Editor.csproj", "{086151d9-663f-c290-2de7-0dee8214e6ef}"
EndProject
Project("{FAE04EC0-301F-11D3-BF4B-00C04F79EFBC}") = "Unity.Burst.CodeGen", "Unity.Burst.CodeGen.csproj", "{a58c6681-7c45-3e1f-d08d-902f7c6e2ce8}"
EndProject
Project("{FAE04EC0-301F-11D3-BF4B-00C04F79EFBC}") = "Unity.VisualScripting.Flow", "Unity.VisualScripting.Flow.csproj", "{cf24e383-1094-bd4f-79f5-dd21321d3d47}"
EndProject
Project("{FAE04EC0-301F-11D3-BF4B-00C04F79EFBC}") = "Unity.PerformanceTesting", "Unity.PerformanceTesting.csproj", "{6ba792ea-38d2-f26f-6ba0-143994a4736d}"
EndProject
Project("{FAE04EC0-301F-11D3-BF4B-00C04F79EFBC}") = "Unity.TextMeshPro", "Unity.TextMeshPro.csproj", "{c1cfe529-bfeb-2fa3-5ceb-6e8859adfe43}"
EndProject
Project("{FAE04EC0-301F-11D3-BF4B-00C04F79EFBC}") = "Unity.TextMeshPro.Editor", "Unity.TextMeshPro.Editor.csproj", "{51137aea-dff6-5cc4-c8e0-6faa7a7e3885}"
EndProject
Project("{FAE04EC0-301F-11D3-BF4B-00C04F79EFBC}") = "Unity.Rendering.LightTransport.Runtime", "Unity.Rendering.LightTransport.Runtime.csproj", "{b3d74193-b4ed-4b22-3e64-a815d9a99cea}"
EndProject
Project("{FAE04EC0-301F-11D3-BF4B-00C04F79EFBC}") = "Unity.Burst.Editor", "Unity.Burst.Editor.csproj", "{1b9e9b93-6df3-6213-72df-db9113566473}"
EndProject
Project("{FAE04EC0-301F-11D3-BF4B-00C04F79EFBC}") = "Unity.Rider.Editor", "Unity.Rider.Editor.csproj", "{0f3d332e-7f5b-f4e8-2373-31016e8dfe41}"
EndProject
Project("{FAE04EC0-301F-11D3-BF4B-00C04F79EFBC}") = "Unity.VisualScripting.State", "Unity.VisualScripting.State.csproj", "{01b57d5c-cdfb-92f5-029a-1778f1c1c8fc}"
EndProject
Project("{FAE04EC0-301F-11D3-BF4B-00C04F79EFBC}") = "Unity.AI.Navigation.Updater", "Unity.AI.Navigation.Updater.csproj", "{3f4900fe-46ee-df79-502b-db33ffeba2b2}"
EndProject
Project("{FAE04EC0-301F-11D3-BF4B-00C04F79EFBC}") = "UnityEditor.UI", "UnityEditor.UI.csproj", "{e74b97c4-ee90-15cd-b376-e01d4ce370fa}"
EndProject
Project("{FAE04EC0-301F-11D3-BF4B-00C04F79EFBC}") = "Unity.AI.Navigation.Editor", "Unity.AI.Navigation.Editor.csproj", "{95b24104-e843-91e6-d849-1516f553b26d}"
EndProject
Project("{FAE04EC0-301F-11D3-BF4B-00C04F79EFBC}") = "Unity.Multiplayer.Center.Common", "Unity.Multiplayer.Center.Common.csproj", "{46f7a5b1-aa64-7c50-6e20-4fa8d55109ab}"
EndProject
Project("{FAE04EC0-301F-11D3-BF4B-00C04F79EFBC}") = "Unity.InputSystem.ForUI", "Unity.InputSystem.ForUI.csproj", "{3b38fcff-f2cd-8cf4-ca5a-43a0f7ea9969}"
EndProject
Project("{FAE04EC0-301F-11D3-BF4B-00C04F79EFBC}") = "Unity.AI.Navigation", "Unity.AI.Navigation.csproj", "{fe37250d-bf38-614a-149a-aa168593969f}"
EndProject
Project("{FAE04EC0-301F-11D3-BF4B-00C04F79EFBC}") = "Unity.Collections.CodeGen", "Unity.Collections.CodeGen.csproj", "{e392aa15-21c3-4dff-a14b-5f9479f4aef2}"
EndProject
Project("{FAE04EC0-301F-11D3-BF4B-00C04F79EFBC}") = "Unity.Mathematics.Editor", "Unity.Mathematics.Editor.csproj", "{2e97520d-c337-2b0f-9f6f-dd1366fdd6c8}"
EndProject
Project("{FAE04EC0-301F-11D3-BF4B-00C04F79EFBC}") = "Unity.VisualScripting.SettingsProvider.Editor", "Unity.VisualScripting.SettingsProvider.Editor.csproj", "{be17e97a-afdc-f873-6fd7-ded845bb52f2}"
EndProject
Project("{FAE04EC0-301F-11D3-BF4B-00C04F79EFBC}") = "Assembly-CSharp", "Assembly-CSharp.csproj", "{b6969420-30aa-02d1-89d1-56a3b5430a50}"
EndProject
Project("{FAE04EC0-301F-11D3-BF4B-00C04F79EFBC}") = "Unity.InputSystem.TestFramework", "Unity.InputSystem.TestFramework.csproj", "{4543d598-99ba-45e2-a9df-335edf78ad1d}"
EndProject
Project("{FAE04EC0-301F-11D3-BF4B-00C04F79EFBC}") = "Unity.ShaderGraph.Utilities", "Unity.ShaderGraph.Utilities.csproj", "{c209c243-96c6-2ae7-f047-b68925204996}"
EndProject
Project("{FAE04EC0-301F-11D3-BF4B-00C04F79EFBC}") = "Unity.Toolchain.Macos-arm64-Linux-x86_64", "Unity.Toolchain.Macos-arm64-Linux-x86_64.csproj", "{83156953-78db-a692-24c3-46b994501dd2}"
EndProject
Project("{FAE04EC0-301F-11D3-BF4B-00C04F79EFBC}") = "Unity.VisualScripting.Shared.Editor", "Unity.VisualScripting.Shared.Editor.csproj", "{57d53059-27e1-b8d2-8b39-a63f9b581291}"
EndProject
Project("{FAE04EC0-301F-11D3-BF4B-00C04F79EFBC}") = "Unity.RenderPipeline.Universal.ShaderLibrary", "Unity.RenderPipeline.Universal.ShaderLibrary.csproj", "{f51320b6-ff9c-32f1-9547-fd8677ac1c71}"
EndProject
Project("{FAE04EC0-301F-11D3-BF4B-00C04F79EFBC}") = "Unity.SysrootPackage.Editor", "Unity.SysrootPackage.Editor.csproj", "{fb8fe223-88b2-95f0-03fe-fc7176512c44}"
EndProject
Project("{FAE04EC0-301F-11D3-BF4B-00C04F79EFBC}") = "Unity.Rendering.LightTransport.Editor", "Unity.Rendering.LightTransport.Editor.csproj", "{23950d41-ffd1-a303-6937-1a4107891054}"
EndProject
Project("{FAE04EC0-301F-11D3-BF4B-00C04F79EFBC}") = "Unity.InputSystem.DocCodeSamples", "Unity.InputSystem.DocCodeSamples.csproj", "{f4a92833-f576-2920-0f5b-a00ba08a6a27}"
EndProject
Project("{FAE04EC0-301F-11D3-BF4B-00C04F79EFBC}") = "Unity.RenderPipelines.Universal.Shaders", "Unity.RenderPipelines.Universal.Shaders.csproj", "{47275dad-c649-b87b-a881-45a6eebe871f}"
EndProject
Project("{FAE04EC0-301F-11D3-BF4B-00C04F79EFBC}") = "Unity.RenderPipelines.Core.Runtime.Shared", "Unity.RenderPipelines.Core.Runtime.Shared.csproj", "{d6954bd8-dde2-7992-ba29-90411c4201b8}"
EndProject
Project("{FAE04EC0-301F-11D3-BF4B-00C04F79EFBC}") = "Unity.Sysroot.Linux_x86_64", "Unity.Sysroot.Linux_x86_64.csproj", "{fdba3c54-7003-f558-cab1-148cb768fd68}"
EndProject
Project("{FAE04EC0-301F-11D3-BF4B-00C04F79EFBC}") = "Unity.Collections.Editor", "Unity.Collections.Editor.csproj", "{6144c09b-3407-2d6e-e695-054e56d889ff}"
EndProject
Project("{FAE04EC0-301F-11D3-BF4B-00C04F79EFBC}") = "Unity.RenderPipelines.Universal.Config.Runtime", "Unity.RenderPipelines.Universal.Config.Runtime.csproj", "{24b45e69-c856-434e-bec2-c7368074d935}"
EndProject
Project("{FAE04EC0-301F-11D3-BF4B-00C04F79EFBC}") = "Unity.RenderPipelines.ShaderGraph.ShaderGraphLibrary", "Unity.RenderPipelines.ShaderGraph.ShaderGraphLibrary.csproj", "{2f5c6fcf-b5d4-e747-0540-6a3d6e2267f3}"
EndProject
Project("{FAE04EC0-301F-11D3-BF4B-00C04F79EFBC}") = "Unity.RenderPipelines.Core.ShaderLibrary", "Unity.RenderPipelines.Core.ShaderLibrary.csproj", "{bf2593ff-3477-df08-e5da-bdc200c306c1}"
EndProject
Project("{FAE04EC0-301F-11D3-BF4B-00C04F79EFBC}") = "Unity.RenderPipelines.Core.Editor.Shared", "Unity.RenderPipelines.Core.Editor.Shared.csproj", "{7805c1db-c529-2991-5226-9c6a144539b1}"
EndProject
Project("{FAE04EC0-301F-11D3-BF4B-00C04F79EFBC}") = "TestNewCustomAssembly", "TestNewCustomAssembly.csproj", "{4443bc55-4f14-c488-6299-8985548178ae}"
EndProject
Project("{FAE04EC0-301F-11D3-BF4B-00C04F79EFBC}") = "Unity.AI.Navigation.Tests.EditorInPlaymode", "Unity.AI.Navigation.Tests.EditorInPlaymode.csproj", "{4bd186bd-ea6f-3510-98e1-96e5b464b905}"
EndProject
Project("{FAE04EC0-301F-11D3-BF4B-00C04F79EFBC}") = "Assembly-CSharp-Editor", "Assembly-CSharp-Editor.csproj", "{6deb427d-cc86-ef11-fc4e-2ae2c40d60fa}"
EndProject
Project("{FAE04EC0-301F-11D3-BF4B-00C04F79EFBC}") = "Unity.Mathematics.Tests", "Unity.Mathematics.Tests.csproj", "{d502fac2-72ae-9896-0cd5-6959902175cf}"
EndProject
Project("{FAE04EC0-301F-11D3-BF4B-00C04F79EFBC}") = "Unity.RenderPipelines.Core.Editor.Tests", "Unity.RenderPipelines.Core.Editor.Tests.csproj", "{93ebd7cf-cec1-9582-90b4-ed8c44f43eef}"
EndProject
Project("{FAE04EC0-301F-11D3-BF4B-00C04F79EFBC}") = "Unity.RenderPipelines.Universal.Config.Editor.Tests", "Unity.RenderPipelines.Universal.Config.Editor.Tests.csproj", "{965641e2-262c-9d2c-26b7-e48074beaec9}"
EndProject
Project("{FAE04EC0-301F-11D3-BF4B-00C04F79EFBC}") = "Unity.RenderPipelines.Universal.Editor.Tests", "Unity.RenderPipelines.Universal.Editor.Tests.csproj", "{e3dfcd46-c99e-f318-227d-66fa223761c7}"
EndProject
Project("{FAE04EC0-301F-11D3-BF4B-00C04F79EFBC}") = "Unity.Collections.DocCodeSamples", "Unity.Collections.DocCodeSamples.csproj", "{2f206c17-a452-cd66-8139-4c2a8752b684}"
EndProject
Project("{FAE04EC0-301F-11D3-BF4B-00C04F79EFBC}") = "Unity.Searcher.EditorTests", "Unity.Searcher.EditorTests.csproj", "{3d10daeb-6661-756c-b1ba-eadbaf4a0706}"
EndProject
Project("{FAE04EC0-301F-11D3-BF4B-00C04F79EFBC}") = "Unity.Collections.PerformanceTests", "Unity.Collections.PerformanceTests.csproj", "{4d7d1ca5-79f6-f52e-f6d6-ca7b4e9d35b3}"
EndProject
Project("{FAE04EC0-301F-11D3-BF4B-00C04F79EFBC}") = "Unity.AI.Navigation.Tests", "Unity.AI.Navigation.Tests.csproj", "{bb9d32c9-1fb1-528d-6f19-38af3d91c56a}"
EndProject
Project("{FAE04EC0-301F-11D3-BF4B-00C04F79EFBC}") = "Unity.TextMeshPro.Editor.Tests", "Unity.TextMeshPro.Editor.Tests.csproj", "{09893bca-ec18-d297-1db4-bc036826b06d}"
EndProject
Project("{FAE04EC0-301F-11D3-BF4B-00C04F79EFBC}") = "DocCodeExamples", "DocCodeExamples.csproj", "{a1d79d42-7060-be41-1d03-9dea531e3570}"
EndProject
Project("{FAE04EC0-301F-11D3-BF4B-00C04F79EFBC}") = "Unity.LightTransport.Editor.Tests", "Unity.LightTransport.Editor.Tests.csproj", "{10b8aad0-684b-5323-8627-66fe658f92f9}"
EndProject
Project("{FAE04EC0-301F-11D3-BF4B-00C04F79EFBC}") = "Unity.Multiplayer.Center.Tests", "Unity.Multiplayer.Center.Tests.csproj", "{2f04f5ee-1b0b-f963-7f8c-7cd2875ee6b1}"
EndProject
Project("{FAE04EC0-301F-11D3-BF4B-00C04F79EFBC}") = "Unity.Collections.Tests", "Unity.Collections.Tests.csproj", "{b214af33-3c97-a3f0-981d-45cfc480e1bb}"
EndProject
Project("{FAE04EC0-301F-11D3-BF4B-00C04F79EFBC}") = "Unity.RenderPipelines.Core.Runtime.Tests", "Unity.RenderPipelines.Core.Runtime.Tests.csproj", "{39f84c88-5c11-4c94-0301-06ea36c7ab7e}"
EndProject
Project("{FAE04EC0-301F-11D3-BF4B-00C04F79EFBC}") = "Unity.AI.Navigation.LegacyOffMeshLink.Tests", "Unity.AI.Navigation.LegacyOffMeshLink.Tests.csproj", "{a561a68a-2139-23cc-04e6-8676db2d7a4b}"
EndProject
Project("{FAE04EC0-301F-11D3-BF4B-00C04F79EFBC}") = "Unity.Multiplayer.Center.Editor.Tests", "Unity.Multiplayer.Center.Editor.Tests.csproj", "{cdaa28c1-9dff-0d38-e2df-1693076d575e}"
EndProject
Project("{FAE04EC0-301F-11D3-BF4B-00C04F79EFBC}") = "Unity.AI.Navigation.Editor.Tests", "Unity.AI.Navigation.Editor.Tests.csproj", "{ab0c4319-5587-b088-3917-677ddbb8ea9c}"
EndProject
Project("{FAE04EC0-301F-11D3-BF4B-00C04F79EFBC}") = "Unity.Toolchain.Macos-arm64-Linux-x86_64.EditorTests", "Unity.Toolchain.Macos-arm64-Linux-x86_64.EditorTests.csproj", "{4ddd45e7-acc9-b8e5-0ffb-d73f77aac7b5}"
EndProject
Project("{FAE04EC0-301F-11D3-BF4B-00C04F79EFBC}") = "UnityEngine.UI.Tests", "UnityEngine.UI.Tests.csproj", "{77aa31e2-f436-954d-3fec-cec63ddd800e}"
EndProject
Project("{FAE04EC0-301F-11D3-BF4B-00C04F79EFBC}") = "Unity.Sysroot.Linux_x86_64.EditorTests", "Unity.Sysroot.Linux_x86_64.EditorTests.csproj", "{8bbe53f8-35f4-8570-5ee1-cd1f57339438}"
EndProject
Project("{FAE04EC0-301F-11D3-BF4B-00C04F79EFBC}") = "Unity.InputSystem.IntegrationTests", "Unity.InputSystem.IntegrationTests.csproj", "{355e4ccc-9ea7-eb55-0451-707a27a375d6}"
EndProject
Project("{FAE04EC0-301F-11D3-BF4B-00C04F79EFBC}") = "Unity.Collections.Tests.Playmode", "Unity.Collections.Tests.Playmode.csproj", "{1c8ce043-9b3e-0acb-8d45-6abcbdf325d2}"
EndProject
Project("{FAE04EC0-301F-11D3-BF4B-00C04F79EFBC}") = "Unity.Nuget.Mono-Cecil", "Unity.Nuget.Mono-Cecil.csproj", "{a8becfbe-0ddf-e7fd-9cd4-b7215ab2b0b4}"
EndProject
Project("{FAE04EC0-301F-11D3-BF4B-00C04F79EFBC}") = "Unity.Sysroot.EditorTests", "Unity.Sysroot.EditorTests.csproj", "{ef1af3bc-76d0-efd1-71c9-f2ed4ab5d03a}"
EndProject
Project("{FAE04EC0-301F-11D3-BF4B-00C04F79EFBC}") = "Unity.TextMeshPro.Tests", "Unity.TextMeshPro.Tests.csproj", "{d3605151-d2a5-5db3-814d-f4573f3df7f2}"
EndProject
Project("{FAE04EC0-301F-11D3-BF4B-00C04F79EFBC}") = "UnityEditor.UI.EditorTests", "UnityEditor.UI.EditorTests.csproj", "{0d9bae10-8762-3ff1-4bca-34cf2f603587}"
EndProject
Project("{FAE04EC0-301F-11D3-BF4B-00C04F79EFBC}") = "Unity.RenderPipelines.Universal.Runtime.Tests", "Unity.RenderPipelines.Universal.Runtime.Tests.csproj", "{91c33da3-1ba5-aaad-a2cd-2dc02626db41}"
EndProject
Project("{FAE04EC0-301F-11D3-BF4B-00C04F79EFBC}") = "Unity.Collections.BurstCompatibilityGen", "Unity.Collections.BurstCompatibilityGen.csproj", "{2d399921-0283-5626-bb76-a350b9d84a90}"
EndProject
Project("{FAE04EC0-301F-11D3-BF4B-00C04F79EFBC}") = "Unity.ShaderGraph.Editor.Tests", "Unity.ShaderGraph.Editor.Tests.csproj", "{0bc1d7d9-5967-5a78-7cae-cf98be3d636b}"
EndProject
Global
	GlobalSection(SolutionConfigurationPlatforms) = preSolution
		Debug|Any CPU = Debug|Any CPU
	EndGlobalSection
	GlobalSection(ProjectConfigurationPlatforms) = postSolution
		{3f003c23-c84f-8818-b033-4952b3a04d2b}.Debug|Any CPU.ActiveCfg = Debug|Any CPU
		{3f003c23-c84f-8818-b033-4952b3a04d2b}.Debug|Any CPU.Build.0 = Debug|Any CPU
		{1a65cc50-7ec8-5a79-3423-bd6cba7aae6a}.Debug|Any CPU.ActiveCfg = Debug|Any CPU
		{1a65cc50-7ec8-5a79-3423-bd6cba7aae6a}.Debug|Any CPU.Build.0 = Debug|Any CPU
		{cb98f125-81d9-d5e5-4074-6365cde645c6}.Debug|Any CPU.ActiveCfg = Debug|Any CPU
		{cb98f125-81d9-d5e5-4074-6365cde645c6}.Debug|Any CPU.Build.0 = Debug|Any CPU
		{814ebf66-3be0-fa4d-bcee-3c218062edad}.Debug|Any CPU.ActiveCfg = Debug|Any CPU
		{814ebf66-3be0-fa4d-bcee-3c218062edad}.Debug|Any CPU.Build.0 = Debug|Any CPU
		{612b5d22-b565-64d9-7257-e762aa4351c9}.Debug|Any CPU.ActiveCfg = Debug|Any CPU
		{612b5d22-b565-64d9-7257-e762aa4351c9}.Debug|Any CPU.Build.0 = Debug|Any CPU
		{eea84742-dd98-4a28-d4fa-07aaccfee556}.Debug|Any CPU.ActiveCfg = Debug|Any CPU
		{eea84742-dd98-4a28-d4fa-07aaccfee556}.Debug|Any CPU.Build.0 = Debug|Any CPU
		{71d9065b-f384-f273-dd7c-b3ba542fa7db}.Debug|Any CPU.ActiveCfg = Debug|Any CPU
		{71d9065b-f384-f273-dd7c-b3ba542fa7db}.Debug|Any CPU.Build.0 = Debug|Any CPU
		{281067e9-e457-67e1-8539-a0a28879f110}.Debug|Any CPU.ActiveCfg = Debug|Any CPU
		{281067e9-e457-67e1-8539-a0a28879f110}.Debug|Any CPU.Build.0 = Debug|Any CPU
		{3ac6b957-3a01-a264-15d2-8cc3f9d76c07}.Debug|Any CPU.ActiveCfg = Debug|Any CPU
		{3ac6b957-3a01-a264-15d2-8cc3f9d76c07}.Debug|Any CPU.Build.0 = Debug|Any CPU
		{919317b0-56ce-1237-08a0-92c62d30ec54}.Debug|Any CPU.ActiveCfg = Debug|Any CPU
		{919317b0-56ce-1237-08a0-92c62d30ec54}.Debug|Any CPU.Build.0 = Debug|Any CPU
		{67440fe2-0883-cb41-bf4a-960aa604c8b2}.Debug|Any CPU.ActiveCfg = Debug|Any CPU
		{67440fe2-0883-cb41-bf4a-960aa604c8b2}.Debug|Any CPU.Build.0 = Debug|Any CPU
		{621043c8-aef7-841d-9e52-cc600aee542b}.Debug|Any CPU.ActiveCfg = Debug|Any CPU
		{621043c8-aef7-841d-9e52-cc600aee542b}.Debug|Any CPU.Build.0 = Debug|Any CPU
		{0a5b1d17-59c3-fa11-b362-4e42e0629eb9}.Debug|Any CPU.ActiveCfg = Debug|Any CPU
		{0a5b1d17-59c3-fa11-b362-4e42e0629eb9}.Debug|Any CPU.Build.0 = Debug|Any CPU
		{fcc6fe84-8f2e-6e8a-7e29-02d13e63aace}.Debug|Any CPU.ActiveCfg = Debug|Any CPU
		{fcc6fe84-8f2e-6e8a-7e29-02d13e63aace}.Debug|Any CPU.Build.0 = Debug|Any CPU
		{16c68749-2633-ee83-bddc-e720ea6ca83a}.Debug|Any CPU.ActiveCfg = Debug|Any CPU
		{16c68749-2633-ee83-bddc-e720ea6ca83a}.Debug|Any CPU.Build.0 = Debug|Any CPU
		{f50524a8-48de-a24d-1db1-e6462bd9ca0c}.Debug|Any CPU.ActiveCfg = Debug|Any CPU
		{f50524a8-48de-a24d-1db1-e6462bd9ca0c}.Debug|Any CPU.Build.0 = Debug|Any CPU
		{6de5fbba-c881-905b-7a68-361ec1896c91}.Debug|Any CPU.ActiveCfg = Debug|Any CPU
		{6de5fbba-c881-905b-7a68-361ec1896c91}.Debug|Any CPU.Build.0 = Debug|Any CPU
		{ad9c15e3-6683-cd34-3403-4ba77295bdf2}.Debug|Any CPU.ActiveCfg = Debug|Any CPU
		{ad9c15e3-6683-cd34-3403-4ba77295bdf2}.Debug|Any CPU.Build.0 = Debug|Any CPU
		{06b24d67-ed5a-8440-70ea-5e6a36a56263}.Debug|Any CPU.ActiveCfg = Debug|Any CPU
		{06b24d67-ed5a-8440-70ea-5e6a36a56263}.Debug|Any CPU.Build.0 = Debug|Any CPU
		{d8fc66e0-7dc3-2f95-f5b8-54c8ffcfd861}.Debug|Any CPU.ActiveCfg = Debug|Any CPU
		{d8fc66e0-7dc3-2f95-f5b8-54c8ffcfd861}.Debug|Any CPU.Build.0 = Debug|Any CPU
		{fa0ef1e9-5f5c-3c9e-7912-68ef173f5485}.Debug|Any CPU.ActiveCfg = Debug|Any CPU
		{fa0ef1e9-5f5c-3c9e-7912-68ef173f5485}.Debug|Any CPU.Build.0 = Debug|Any CPU
		{3e5556b6-3e4a-e8d0-4d8d-694218abd6f5}.Debug|Any CPU.ActiveCfg = Debug|Any CPU
		{3e5556b6-3e4a-e8d0-4d8d-694218abd6f5}.Debug|Any CPU.Build.0 = Debug|Any CPU
		{09f46681-27cc-a3b4-d329-8bb94d31071c}.Debug|Any CPU.ActiveCfg = Debug|Any CPU
		{09f46681-27cc-a3b4-d329-8bb94d31071c}.Debug|Any CPU.Build.0 = Debug|Any CPU
		{7457887f-3590-e0c9-e813-6592c57654b6}.Debug|Any CPU.ActiveCfg = Debug|Any CPU
		{7457887f-3590-e0c9-e813-6592c57654b6}.Debug|Any CPU.Build.0 = Debug|Any CPU
		{4b7faee4-d77b-1c2f-749d-6384e0e09d52}.Debug|Any CPU.ActiveCfg = Debug|Any CPU
		{4b7faee4-d77b-1c2f-749d-6384e0e09d52}.Debug|Any CPU.Build.0 = Debug|Any CPU
		{0e86c31a-5921-f6d8-1277-8f76d4e0089e}.Debug|Any CPU.ActiveCfg = Debug|Any CPU
		{0e86c31a-5921-f6d8-1277-8f76d4e0089e}.Debug|Any CPU.Build.0 = Debug|Any CPU
		{e198f6f8-7145-06a4-b159-147d7cea54bb}.Debug|Any CPU.ActiveCfg = Debug|Any CPU
		{e198f6f8-7145-06a4-b159-147d7cea54bb}.Debug|Any CPU.Build.0 = Debug|Any CPU
		{086151d9-663f-c290-2de7-0dee8214e6ef}.Debug|Any CPU.ActiveCfg = Debug|Any CPU
		{086151d9-663f-c290-2de7-0dee8214e6ef}.Debug|Any CPU.Build.0 = Debug|Any CPU
		{a58c6681-7c45-3e1f-d08d-902f7c6e2ce8}.Debug|Any CPU.ActiveCfg = Debug|Any CPU
		{a58c6681-7c45-3e1f-d08d-902f7c6e2ce8}.Debug|Any CPU.Build.0 = Debug|Any CPU
		{cf24e383-1094-bd4f-79f5-dd21321d3d47}.Debug|Any CPU.ActiveCfg = Debug|Any CPU
		{cf24e383-1094-bd4f-79f5-dd21321d3d47}.Debug|Any CPU.Build.0 = Debug|Any CPU
		{6ba792ea-38d2-f26f-6ba0-143994a4736d}.Debug|Any CPU.ActiveCfg = Debug|Any CPU
		{6ba792ea-38d2-f26f-6ba0-143994a4736d}.Debug|Any CPU.Build.0 = Debug|Any CPU
		{c1cfe529-bfeb-2fa3-5ceb-6e8859adfe43}.Debug|Any CPU.ActiveCfg = Debug|Any CPU
		{c1cfe529-bfeb-2fa3-5ceb-6e8859adfe43}.Debug|Any CPU.Build.0 = Debug|Any CPU
		{51137aea-dff6-5cc4-c8e0-6faa7a7e3885}.Debug|Any CPU.ActiveCfg = Debug|Any CPU
		{51137aea-dff6-5cc4-c8e0-6faa7a7e3885}.Debug|Any CPU.Build.0 = Debug|Any CPU
		{b3d74193-b4ed-4b22-3e64-a815d9a99cea}.Debug|Any CPU.ActiveCfg = Debug|Any CPU
		{b3d74193-b4ed-4b22-3e64-a815d9a99cea}.Debug|Any CPU.Build.0 = Debug|Any CPU
		{1b9e9b93-6df3-6213-72df-db9113566473}.Debug|Any CPU.ActiveCfg = Debug|Any CPU
		{1b9e9b93-6df3-6213-72df-db9113566473}.Debug|Any CPU.Build.0 = Debug|Any CPU
		{0f3d332e-7f5b-f4e8-2373-31016e8dfe41}.Debug|Any CPU.ActiveCfg = Debug|Any CPU
		{0f3d332e-7f5b-f4e8-2373-31016e8dfe41}.Debug|Any CPU.Build.0 = Debug|Any CPU
		{01b57d5c-cdfb-92f5-029a-1778f1c1c8fc}.Debug|Any CPU.ActiveCfg = Debug|Any CPU
		{01b57d5c-cdfb-92f5-029a-1778f1c1c8fc}.Debug|Any CPU.Build.0 = Debug|Any CPU
		{3f4900fe-46ee-df79-502b-db33ffeba2b2}.Debug|Any CPU.ActiveCfg = Debug|Any CPU
		{3f4900fe-46ee-df79-502b-db33ffeba2b2}.Debug|Any CPU.Build.0 = Debug|Any CPU
		{e74b97c4-ee90-15cd-b376-e01d4ce370fa}.Debug|Any CPU.ActiveCfg = Debug|Any CPU
		{e74b97c4-ee90-15cd-b376-e01d4ce370fa}.Debug|Any CPU.Build.0 = Debug|Any CPU
		{95b24104-e843-91e6-d849-1516f553b26d}.Debug|Any CPU.ActiveCfg = Debug|Any CPU
		{95b24104-e843-91e6-d849-1516f553b26d}.Debug|Any CPU.Build.0 = Debug|Any CPU
		{46f7a5b1-aa64-7c50-6e20-4fa8d55109ab}.Debug|Any CPU.ActiveCfg = Debug|Any CPU
		{46f7a5b1-aa64-7c50-6e20-4fa8d55109ab}.Debug|Any CPU.Build.0 = Debug|Any CPU
		{3b38fcff-f2cd-8cf4-ca5a-43a0f7ea9969}.Debug|Any CPU.ActiveCfg = Debug|Any CPU
		{3b38fcff-f2cd-8cf4-ca5a-43a0f7ea9969}.Debug|Any CPU.Build.0 = Debug|Any CPU
		{fe37250d-bf38-614a-149a-aa168593969f}.Debug|Any CPU.ActiveCfg = Debug|Any CPU
		{fe37250d-bf38-614a-149a-aa168593969f}.Debug|Any CPU.Build.0 = Debug|Any CPU
		{e392aa15-21c3-4dff-a14b-5f9479f4aef2}.Debug|Any CPU.ActiveCfg = Debug|Any CPU
		{e392aa15-21c3-4dff-a14b-5f9479f4aef2}.Debug|Any CPU.Build.0 = Debug|Any CPU
		{2e97520d-c337-2b0f-9f6f-dd1366fdd6c8}.Debug|Any CPU.ActiveCfg = Debug|Any CPU
		{2e97520d-c337-2b0f-9f6f-dd1366fdd6c8}.Debug|Any CPU.Build.0 = Debug|Any CPU
		{be17e97a-afdc-f873-6fd7-ded845bb52f2}.Debug|Any CPU.ActiveCfg = Debug|Any CPU
		{be17e97a-afdc-f873-6fd7-ded845bb52f2}.Debug|Any CPU.Build.0 = Debug|Any CPU
		{b6969420-30aa-02d1-89d1-56a3b5430a50}.Debug|Any CPU.ActiveCfg = Debug|Any CPU
		{b6969420-30aa-02d1-89d1-56a3b5430a50}.Debug|Any CPU.Build.0 = Debug|Any CPU
		{4543d598-99ba-45e2-a9df-335edf78ad1d}.Debug|Any CPU.ActiveCfg = Debug|Any CPU
		{4543d598-99ba-45e2-a9df-335edf78ad1d}.Debug|Any CPU.Build.0 = Debug|Any CPU
		{c209c243-96c6-2ae7-f047-b68925204996}.Debug|Any CPU.ActiveCfg = Debug|Any CPU
		{c209c243-96c6-2ae7-f047-b68925204996}.Debug|Any CPU.Build.0 = Debug|Any CPU
		{83156953-78db-a692-24c3-46b994501dd2}.Debug|Any CPU.ActiveCfg = Debug|Any CPU
		{83156953-78db-a692-24c3-46b994501dd2}.Debug|Any CPU.Build.0 = Debug|Any CPU
		{57d53059-27e1-b8d2-8b39-a63f9b581291}.Debug|Any CPU.ActiveCfg = Debug|Any CPU
		{57d53059-27e1-b8d2-8b39-a63f9b581291}.Debug|Any CPU.Build.0 = Debug|Any CPU
		{f51320b6-ff9c-32f1-9547-fd8677ac1c71}.Debug|Any CPU.ActiveCfg = Debug|Any CPU
		{f51320b6-ff9c-32f1-9547-fd8677ac1c71}.Debug|Any CPU.Build.0 = Debug|Any CPU
		{fb8fe223-88b2-95f0-03fe-fc7176512c44}.Debug|Any CPU.ActiveCfg = Debug|Any CPU
		{fb8fe223-88b2-95f0-03fe-fc7176512c44}.Debug|Any CPU.Build.0 = Debug|Any CPU
		{23950d41-ffd1-a303-6937-1a4107891054}.Debug|Any CPU.ActiveCfg = Debug|Any CPU
		{23950d41-ffd1-a303-6937-1a4107891054}.Debug|Any CPU.Build.0 = Debug|Any CPU
		{f4a92833-f576-2920-0f5b-a00ba08a6a27}.Debug|Any CPU.ActiveCfg = Debug|Any CPU
		{f4a92833-f576-2920-0f5b-a00ba08a6a27}.Debug|Any CPU.Build.0 = Debug|Any CPU
		{47275dad-c649-b87b-a881-45a6eebe871f}.Debug|Any CPU.ActiveCfg = Debug|Any CPU
		{47275dad-c649-b87b-a881-45a6eebe871f}.Debug|Any CPU.Build.0 = Debug|Any CPU
		{d6954bd8-dde2-7992-ba29-90411c4201b8}.Debug|Any CPU.ActiveCfg = Debug|Any CPU
		{d6954bd8-dde2-7992-ba29-90411c4201b8}.Debug|Any CPU.Build.0 = Debug|Any CPU
		{fdba3c54-7003-f558-cab1-148cb768fd68}.Debug|Any CPU.ActiveCfg = Debug|Any CPU
		{fdba3c54-7003-f558-cab1-148cb768fd68}.Debug|Any CPU.Build.0 = Debug|Any CPU
		{6144c09b-3407-2d6e-e695-054e56d889ff}.Debug|Any CPU.ActiveCfg = Debug|Any CPU
		{6144c09b-3407-2d6e-e695-054e56d889ff}.Debug|Any CPU.Build.0 = Debug|Any CPU
		{24b45e69-c856-434e-bec2-c7368074d935}.Debug|Any CPU.ActiveCfg = Debug|Any CPU
		{24b45e69-c856-434e-bec2-c7368074d935}.Debug|Any CPU.Build.0 = Debug|Any CPU
		{2f5c6fcf-b5d4-e747-0540-6a3d6e2267f3}.Debug|Any CPU.ActiveCfg = Debug|Any CPU
		{2f5c6fcf-b5d4-e747-0540-6a3d6e2267f3}.Debug|Any CPU.Build.0 = Debug|Any CPU
		{bf2593ff-3477-df08-e5da-bdc200c306c1}.Debug|Any CPU.ActiveCfg = Debug|Any CPU
		{bf2593ff-3477-df08-e5da-bdc200c306c1}.Debug|Any CPU.Build.0 = Debug|Any CPU
		{7805c1db-c529-2991-5226-9c6a144539b1}.Debug|Any CPU.ActiveCfg = Debug|Any CPU
		{7805c1db-c529-2991-5226-9c6a144539b1}.Debug|Any CPU.Build.0 = Debug|Any CPU
		{4443bc55-4f14-c488-6299-8985548178ae}.Debug|Any CPU.ActiveCfg = Debug|Any CPU
		{4443bc55-4f14-c488-6299-8985548178ae}.Debug|Any CPU.Build.0 = Debug|Any CPU
		{4bd186bd-ea6f-3510-98e1-96e5b464b905}.Debug|Any CPU.ActiveCfg = Debug|Any CPU
		{4bd186bd-ea6f-3510-98e1-96e5b464b905}.Debug|Any CPU.Build.0 = Debug|Any CPU
		{6deb427d-cc86-ef11-fc4e-2ae2c40d60fa}.Debug|Any CPU.ActiveCfg = Debug|Any CPU
		{6deb427d-cc86-ef11-fc4e-2ae2c40d60fa}.Debug|Any CPU.Build.0 = Debug|Any CPU
		{d502fac2-72ae-9896-0cd5-6959902175cf}.Debug|Any CPU.ActiveCfg = Debug|Any CPU
		{d502fac2-72ae-9896-0cd5-6959902175cf}.Debug|Any CPU.Build.0 = Debug|Any CPU
		{93ebd7cf-cec1-9582-90b4-ed8c44f43eef}.Debug|Any CPU.ActiveCfg = Debug|Any CPU
		{93ebd7cf-cec1-9582-90b4-ed8c44f43eef}.Debug|Any CPU.Build.0 = Debug|Any CPU
		{965641e2-262c-9d2c-26b7-e48074beaec9}.Debug|Any CPU.ActiveCfg = Debug|Any CPU
		{965641e2-262c-9d2c-26b7-e48074beaec9}.Debug|Any CPU.Build.0 = Debug|Any CPU
		{e3dfcd46-c99e-f318-227d-66fa223761c7}.Debug|Any CPU.ActiveCfg = Debug|Any CPU
		{e3dfcd46-c99e-f318-227d-66fa223761c7}.Debug|Any CPU.Build.0 = Debug|Any CPU
		{2f206c17-a452-cd66-8139-4c2a8752b684}.Debug|Any CPU.ActiveCfg = Debug|Any CPU
		{2f206c17-a452-cd66-8139-4c2a8752b684}.Debug|Any CPU.Build.0 = Debug|Any CPU
		{3d10daeb-6661-756c-b1ba-eadbaf4a0706}.Debug|Any CPU.ActiveCfg = Debug|Any CPU
		{3d10daeb-6661-756c-b1ba-eadbaf4a0706}.Debug|Any CPU.Build.0 = Debug|Any CPU
		{4d7d1ca5-79f6-f52e-f6d6-ca7b4e9d35b3}.Debug|Any CPU.ActiveCfg = Debug|Any CPU
		{4d7d1ca5-79f6-f52e-f6d6-ca7b4e9d35b3}.Debug|Any CPU.Build.0 = Debug|Any CPU
		{bb9d32c9-1fb1-528d-6f19-38af3d91c56a}.Debug|Any CPU.ActiveCfg = Debug|Any CPU
		{bb9d32c9-1fb1-528d-6f19-38af3d91c56a}.Debug|Any CPU.Build.0 = Debug|Any CPU
		{09893bca-ec18-d297-1db4-bc036826b06d}.Debug|Any CPU.ActiveCfg = Debug|Any CPU
		{09893bca-ec18-d297-1db4-bc036826b06d}.Debug|Any CPU.Build.0 = Debug|Any CPU
		{a1d79d42-7060-be41-1d03-9dea531e3570}.Debug|Any CPU.ActiveCfg = Debug|Any CPU
		{a1d79d42-7060-be41-1d03-9dea531e3570}.Debug|Any CPU.Build.0 = Debug|Any CPU
		{10b8aad0-684b-5323-8627-66fe658f92f9}.Debug|Any CPU.ActiveCfg = Debug|Any CPU
		{10b8aad0-684b-5323-8627-66fe658f92f9}.Debug|Any CPU.Build.0 = Debug|Any CPU
		{2f04f5ee-1b0b-f963-7f8c-7cd2875ee6b1}.Debug|Any CPU.ActiveCfg = Debug|Any CPU
		{2f04f5ee-1b0b-f963-7f8c-7cd2875ee6b1}.Debug|Any CPU.Build.0 = Debug|Any CPU
		{b214af33-3c97-a3f0-981d-45cfc480e1bb}.Debug|Any CPU.ActiveCfg = Debug|Any CPU
		{b214af33-3c97-a3f0-981d-45cfc480e1bb}.Debug|Any CPU.Build.0 = Debug|Any CPU
		{39f84c88-5c11-4c94-0301-06ea36c7ab7e}.Debug|Any CPU.ActiveCfg = Debug|Any CPU
		{39f84c88-5c11-4c94-0301-06ea36c7ab7e}.Debug|Any CPU.Build.0 = Debug|Any CPU
		{a561a68a-2139-23cc-04e6-8676db2d7a4b}.Debug|Any CPU.ActiveCfg = Debug|Any CPU
		{a561a68a-2139-23cc-04e6-8676db2d7a4b}.Debug|Any CPU.Build.0 = Debug|Any CPU
		{cdaa28c1-9dff-0d38-e2df-1693076d575e}.Debug|Any CPU.ActiveCfg = Debug|Any CPU
		{cdaa28c1-9dff-0d38-e2df-1693076d575e}.Debug|Any CPU.Build.0 = Debug|Any CPU
		{ab0c4319-5587-b088-3917-677ddbb8ea9c}.Debug|Any CPU.ActiveCfg = Debug|Any CPU
		{ab0c4319-5587-b088-3917-677ddbb8ea9c}.Debug|Any CPU.Build.0 = Debug|Any CPU
		{4ddd45e7-acc9-b8e5-0ffb-d73f77aac7b5}.Debug|Any CPU.ActiveCfg = Debug|Any CPU
		{4ddd45e7-acc9-b8e5-0ffb-d73f77aac7b5}.Debug|Any CPU.Build.0 = Debug|Any CPU
		{77aa31e2-f436-954d-3fec-cec63ddd800e}.Debug|Any CPU.ActiveCfg = Debug|Any CPU
		{77aa31e2-f436-954d-3fec-cec63ddd800e}.Debug|Any CPU.Build.0 = Debug|Any CPU
		{8bbe53f8-35f4-8570-5ee1-cd1f57339438}.Debug|Any CPU.ActiveCfg = Debug|Any CPU
		{8bbe53f8-35f4-8570-5ee1-cd1f57339438}.Debug|Any CPU.Build.0 = Debug|Any CPU
		{355e4ccc-9ea7-eb55-0451-707a27a375d6}.Debug|Any CPU.ActiveCfg = Debug|Any CPU
		{355e4ccc-9ea7-eb55-0451-707a27a375d6}.Debug|Any CPU.Build.0 = Debug|Any CPU
		{1c8ce043-9b3e-0acb-8d45-6abcbdf325d2}.Debug|Any CPU.ActiveCfg = Debug|Any CPU
		{1c8ce043-9b3e-0acb-8d45-6abcbdf325d2}.Debug|Any CPU.Build.0 = Debug|Any CPU
		{a8becfbe-0ddf-e7fd-9cd4-b7215ab2b0b4}.Debug|Any CPU.ActiveCfg = Debug|Any CPU
		{a8becfbe-0ddf-e7fd-9cd4-b7215ab2b0b4}.Debug|Any CPU.Build.0 = Debug|Any CPU
		{ef1af3bc-76d0-efd1-71c9-f2ed4ab5d03a}.Debug|Any CPU.ActiveCfg = Debug|Any CPU
		{ef1af3bc-76d0-efd1-71c9-f2ed4ab5d03a}.Debug|Any CPU.Build.0 = Debug|Any CPU
		{d3605151-d2a5-5db3-814d-f4573f3df7f2}.Debug|Any CPU.ActiveCfg = Debug|Any CPU
		{d3605151-d2a5-5db3-814d-f4573f3df7f2}.Debug|Any CPU.Build.0 = Debug|Any CPU
		{0d9bae10-8762-3ff1-4bca-34cf2f603587}.Debug|Any CPU.ActiveCfg = Debug|Any CPU
		{0d9bae10-8762-3ff1-4bca-34cf2f603587}.Debug|Any CPU.Build.0 = Debug|Any CPU
		{91c33da3-1ba5-aaad-a2cd-2dc02626db41}.Debug|Any CPU.ActiveCfg = Debug|Any CPU
		{91c33da3-1ba5-aaad-a2cd-2dc02626db41}.Debug|Any CPU.Build.0 = Debug|Any CPU
		{2d399921-0283-5626-bb76-a350b9d84a90}.Debug|Any CPU.ActiveCfg = Debug|Any CPU
		{2d399921-0283-5626-bb76-a350b9d84a90}.Debug|Any CPU.Build.0 = Debug|Any CPU
		{0bc1d7d9-5967-5a78-7cae-cf98be3d636b}.Debug|Any CPU.ActiveCfg = Debug|Any CPU
		{0bc1d7d9-5967-5a78-7cae-cf98be3d636b}.Debug|Any CPU.Build.0 = Debug|Any CPU
	EndGlobalSection
	GlobalSection(SolutionProperties) = preSolution
		HideSolutionNode = FALSE
	EndGlobalSection
EndGlobal
